
Microsoft Visual Studio Solution File, Format Version 12.00
# Visual Studio 15
VisualStudioVersion = 15.0.26730.12
MinimumVisualStudioVersion = 10.0.40219.1
Project("{FAE04EC0-301F-11D3-BF4B-00C04F79EFBC}") = "VariableMutation", "VariableMutation\VariableMutation.csproj", "{5EA51E50-9227-4195-BB89-7BC7BD9D05A5}"
EndProject
Global
	GlobalSection(SolutionConfigurationPlatforms) = preSolution
		Debug|Any CPU = Debug|Any CPU
		Release|Any CPU = Release|Any CPU
	EndGlobalSection
	GlobalSection(ProjectConfigurationPlatforms) = postSolution
		{5EA51E50-9227-4195-BB89-7BC7BD9D05A5}.Debug|Any CPU.ActiveCfg = Debug|Any CPU
		{5EA51E50-9227-4195-BB89-7BC7BD9D05A5}.Debug|Any CPU.Build.0 = Debug|Any CPU
		{5EA51E50-9227-4195-BB89-7BC7BD9D05A5}.Release|Any CPU.ActiveCfg = Release|Any CPU
		{5EA51E50-9227-4195-BB89-7BC7BD9D05A5}.Release|Any CPU.Build.0 = Release|Any CPU
	EndGlobalSection
	GlobalSection(SolutionProperties) = preSolution
		HideSolutionNode = FALSE
	EndGlobalSection
	GlobalSection(ExtensibilityGlobals) = postSolution
		SolutionGuid = {346B77B1-68C6-48C6-A536-456824A455D1}
	EndGlobalSection
EndGlobal
