
Microsoft Visual Studio Solution File, Format Version 12.00
# Visual Studio 15
VisualStudioVersion = 15.0.26730.12
MinimumVisualStudioVersion = 10.0.40219.1
Project("{FAE04EC0-301F-11D3-BF4B-00C04F79EFBC}") = "BasicInfo", "BasicInfo\BasicInfo.csproj", "{9B10877A-874E-4B59-9F68-03B08F621072}"
EndProject
Global
	GlobalSection(SolutionConfigurationPlatforms) = preSolution
		Debug|Any CPU = Debug|Any CPU
		Release|Any CPU = Release|Any CPU
	EndGlobalSection
	GlobalSection(ProjectConfigurationPlatforms) = postSolution
		{9B10877A-874E-4B59-9F68-03B08F621072}.Debug|Any CPU.ActiveCfg = Debug|Any CPU
		{9B10877A-874E-4B59-9F68-03B08F621072}.Debug|Any CPU.Build.0 = Debug|Any CPU
		{9B10877A-874E-4B59-9F68-03B08F621072}.Release|Any CPU.ActiveCfg = Release|Any CPU
		{9B10877A-874E-4B59-9F68-03B08F621072}.Release|Any CPU.Build.0 = Release|Any CPU
	EndGlobalSection
	GlobalSection(SolutionProperties) = preSolution
		HideSolutionNode = FALSE
	EndGlobalSection
	GlobalSection(ExtensibilityGlobals) = postSolution
		SolutionGuid = {591ECD65-E1E8-4DB1-8D69-F0DDFED466A2}
	EndGlobalSection
EndGlobal
