
Microsoft Visual Studio Solution File, Format Version 12.00
# Visual Studio 15
VisualStudioVersion = 15.0.26730.12
MinimumVisualStudioVersion = 10.0.40219.1
Project("{FAE04EC0-301F-11D3-BF4B-00C04F79EFBC}") = "RPGGame", "RPGGame\RPGGame.csproj", "{461C755D-5CDC-4F6B-9AEB-1166ECA45CCA}"
EndProject
Global
	GlobalSection(SolutionConfigurationPlatforms) = preSolution
		Debug|Any CPU = Debug|Any CPU
		Release|Any CPU = Release|Any CPU
	EndGlobalSection
	GlobalSection(ProjectConfigurationPlatforms) = postSolution
		{461C755D-5CDC-4F6B-9AEB-1166ECA45CCA}.Debug|Any CPU.ActiveCfg = Debug|Any CPU
		{461C755D-5CDC-4F6B-9AEB-1166ECA45CCA}.Debug|Any CPU.Build.0 = Debug|Any CPU
		{461C755D-5CDC-4F6B-9AEB-1166ECA45CCA}.Release|Any CPU.ActiveCfg = Release|Any CPU
		{461C755D-5CDC-4F6B-9AEB-1166ECA45CCA}.Release|Any CPU.Build.0 = Release|Any CPU
	EndGlobalSection
	GlobalSection(SolutionProperties) = preSolution
		HideSolutionNode = FALSE
	EndGlobalSection
	GlobalSection(ExtensibilityGlobals) = postSolution
		SolutionGuid = {CD9EB8C5-C9FC-40CD-B063-825B30EF5414}
	EndGlobalSection
EndGlobal
