
Microsoft Visual Studio Solution File, Format Version 12.00
# Visual Studio 15
VisualStudioVersion = 15.0.26730.12
MinimumVisualStudioVersion = 10.0.40219.1
Project("{FAE04EC0-301F-11D3-BF4B-00C04F79EFBC}") = "PrintLines", "PrintLines\PrintLines.csproj", "{89CCCD92-10D3-42C6-974D-166270589E3E}"
EndProject
Global
	GlobalSection(SolutionConfigurationPlatforms) = preSolution
		Debug|Any CPU = Debug|Any CPU
		Release|Any CPU = Release|Any CPU
	EndGlobalSection
	GlobalSection(ProjectConfigurationPlatforms) = postSolution
		{89CCCD92-10D3-42C6-974D-166270589E3E}.Debug|Any CPU.ActiveCfg = Debug|Any CPU
		{89CCCD92-10D3-42C6-974D-166270589E3E}.Debug|Any CPU.Build.0 = Debug|Any CPU
		{89CCCD92-10D3-42C6-974D-166270589E3E}.Release|Any CPU.ActiveCfg = Release|Any CPU
		{89CCCD92-10D3-42C6-974D-166270589E3E}.Release|Any CPU.Build.0 = Release|Any CPU
	EndGlobalSection
	GlobalSection(SolutionProperties) = preSolution
		HideSolutionNode = FALSE
	EndGlobalSection
	GlobalSection(ExtensibilityGlobals) = postSolution
		SolutionGuid = {22FC7238-CEBB-4237-A6E7-025F9E60426A}
	EndGlobalSection
EndGlobal
