
Microsoft Visual Studio Solution File, Format Version 12.00
# Visual Studio 15
VisualStudioVersion = 15.0.26730.12
MinimumVisualStudioVersion = 10.0.40219.1
Project("{FAE04EC0-301F-11D3-BF4B-00C04F79EFBC}") = "StarryNight", "StarryNight\StarryNight.csproj", "{AA36E821-FC8E-4056-85E4-4D0847E53044}"
EndProject
Global
	GlobalSection(SolutionConfigurationPlatforms) = preSolution
		Debug|Any CPU = Debug|Any CPU
		Release|Any CPU = Release|Any CPU
	EndGlobalSection
	GlobalSection(ProjectConfigurationPlatforms) = postSolution
		{AA36E821-FC8E-4056-85E4-4D0847E53044}.Debug|Any CPU.ActiveCfg = Debug|Any CPU
		{AA36E821-FC8E-4056-85E4-4D0847E53044}.Debug|Any CPU.Build.0 = Debug|Any CPU
		{AA36E821-FC8E-4056-85E4-4D0847E53044}.Release|Any CPU.ActiveCfg = Release|Any CPU
		{AA36E821-FC8E-4056-85E4-4D0847E53044}.Release|Any CPU.Build.0 = Release|Any CPU
	EndGlobalSection
	GlobalSection(SolutionProperties) = preSolution
		HideSolutionNode = FALSE
	EndGlobalSection
	GlobalSection(ExtensibilityGlobals) = postSolution
		SolutionGuid = {ED3A917B-C131-4D5C-BA9C-4475CBF6224E}
	EndGlobalSection
EndGlobal
