
Microsoft Visual Studio Solution File, Format Version 12.00
# Visual Studio 15
VisualStudioVersion = 15.0.26730.12
MinimumVisualStudioVersion = 10.0.40219.1
Project("{FAE04EC0-301F-11D3-BF4B-00C04F79EFBC}") = "printArray", "printArray\printArray.csproj", "{F476B337-ED84-4DFB-B027-4D4589F1721B}"
EndProject
Global
	GlobalSection(SolutionConfigurationPlatforms) = preSolution
		Debug|Any CPU = Debug|Any CPU
		Release|Any CPU = Release|Any CPU
	EndGlobalSection
	GlobalSection(ProjectConfigurationPlatforms) = postSolution
		{F476B337-ED84-4DFB-B027-4D4589F1721B}.Debug|Any CPU.ActiveCfg = Debug|Any CPU
		{F476B337-ED84-4DFB-B027-4D4589F1721B}.Debug|Any CPU.Build.0 = Debug|Any CPU
		{F476B337-ED84-4DFB-B027-4D4589F1721B}.Release|Any CPU.ActiveCfg = Release|Any CPU
		{F476B337-ED84-4DFB-B027-4D4589F1721B}.Release|Any CPU.Build.0 = Release|Any CPU
	EndGlobalSection
	GlobalSection(SolutionProperties) = preSolution
		HideSolutionNode = FALSE
	EndGlobalSection
	GlobalSection(ExtensibilityGlobals) = postSolution
		SolutionGuid = {3C18C958-3D7F-4CA3-A158-1F0E29B16FB9}
	EndGlobalSection
EndGlobal
