
Microsoft Visual Studio Solution File, Format Version 12.00
# Visual Studio 15
VisualStudioVersion = 15.0.26730.12
MinimumVisualStudioVersion = 10.0.40219.1
Project("{FAE04EC0-301F-11D3-BF4B-00C04F79EFBC}") = "ChangeArrayElement", "ChangeArrayElement\ChangeArrayElement.csproj", "{A6739C2F-F950-4B7B-A066-F2D8542F2A8B}"
EndProject
Global
	GlobalSection(SolutionConfigurationPlatforms) = preSolution
		Debug|Any CPU = Debug|Any CPU
		Release|Any CPU = Release|Any CPU
	EndGlobalSection
	GlobalSection(ProjectConfigurationPlatforms) = postSolution
		{A6739C2F-F950-4B7B-A066-F2D8542F2A8B}.Debug|Any CPU.ActiveCfg = Debug|Any CPU
		{A6739C2F-F950-4B7B-A066-F2D8542F2A8B}.Debug|Any CPU.Build.0 = Debug|Any CPU
		{A6739C2F-F950-4B7B-A066-F2D8542F2A8B}.Release|Any CPU.ActiveCfg = Release|Any CPU
		{A6739C2F-F950-4B7B-A066-F2D8542F2A8B}.Release|Any CPU.Build.0 = Release|Any CPU
	EndGlobalSection
	GlobalSection(SolutionProperties) = preSolution
		HideSolutionNode = FALSE
	EndGlobalSection
	GlobalSection(ExtensibilityGlobals) = postSolution
		SolutionGuid = {3DDD14F7-3D80-4B47-A038-D4078572FC10}
	EndGlobalSection
EndGlobal
