
Microsoft Visual Studio Solution File, Format Version 12.00
# Visual Studio 15
VisualStudioVersion = 15.0.26730.12
MinimumVisualStudioVersion = 10.0.40219.1
Project("{FAE04EC0-301F-11D3-BF4B-00C04F79EFBC}") = "Animals", "Animal\Animals.csproj", "{3521B2F2-8860-4AB5-9673-8E9A3C302D81}"
EndProject
Global
	GlobalSection(SolutionConfigurationPlatforms) = preSolution
		Debug|Any CPU = Debug|Any CPU
		Release|Any CPU = Release|Any CPU
	EndGlobalSection
	GlobalSection(ProjectConfigurationPlatforms) = postSolution
		{3521B2F2-8860-4AB5-9673-8E9A3C302D81}.Debug|Any CPU.ActiveCfg = Debug|Any CPU
		{3521B2F2-8860-4AB5-9673-8E9A3C302D81}.Debug|Any CPU.Build.0 = Debug|Any CPU
		{3521B2F2-8860-4AB5-9673-8E9A3C302D81}.Release|Any CPU.ActiveCfg = Release|Any CPU
		{3521B2F2-8860-4AB5-9673-8E9A3C302D81}.Release|Any CPU.Build.0 = Release|Any CPU
	EndGlobalSection
	GlobalSection(SolutionProperties) = preSolution
		HideSolutionNode = FALSE
	EndGlobalSection
	GlobalSection(ExtensibilityGlobals) = postSolution
		SolutionGuid = {9BCF9107-34BC-48F8-A7B4-F144AD079958}
	EndGlobalSection
EndGlobal
