
Microsoft Visual Studio Solution File, Format Version 12.00
# Visual Studio 15
VisualStudioVersion = 15.0.26730.12
MinimumVisualStudioVersion = 10.0.40219.1
Project("{FAE04EC0-301F-11D3-BF4B-00C04F79EFBC}") = "LINQ", "LINQ\LINQ.csproj", "{71D9589D-1820-4D3B-AB62-580134581CC4}"
EndProject
Project("{FAE04EC0-301F-11D3-BF4B-00C04F79EFBC}") = "ex2", "ex2\ex2.csproj", "{63922951-E72C-4AD9-94AF-90F3BD43F445}"
EndProject
Project("{FAE04EC0-301F-11D3-BF4B-00C04F79EFBC}") = "ex3", "ex3\ex3.csproj", "{9F1432EB-D9F2-4607-A400-ED4A76C49E15}"
EndProject
Project("{FAE04EC0-301F-11D3-BF4B-00C04F79EFBC}") = "ex4", "ex4\ex4.csproj", "{9EA14C19-8440-4F4E-9647-2C024F4AB1A6}"
EndProject
Project("{FAE04EC0-301F-11D3-BF4B-00C04F79EFBC}") = "ex7", "ex7\ex7.csproj", "{CC0CB2FF-4A80-470C-839B-39D9D2BAD4B8}"
EndProject
Project("{FAE04EC0-301F-11D3-BF4B-00C04F79EFBC}") = "ex8", "ex8\ex8.csproj", "{95F7D5D1-2BFB-4DC5-B2C0-DD70F76E7144}"
EndProject
Project("{FAE04EC0-301F-11D3-BF4B-00C04F79EFBC}") = "ex9", "ex9\ex9.csproj", "{77618F5F-FC69-4C52-B6F0-928CA789C478}"
EndProject
Project("{FAE04EC0-301F-11D3-BF4B-00C04F79EFBC}") = "ex10", "ex10\ex10.csproj", "{C9D99D8B-5F74-4D79-B3F5-30947E0E080E}"
EndProject
Project("{FAE04EC0-301F-11D3-BF4B-00C04F79EFBC}") = "ex5", "ex5\ex5.csproj", "{1D8D0A81-434E-4E3B-A065-1682576AF1C1}"
EndProject
Global
	GlobalSection(SolutionConfigurationPlatforms) = preSolution
		Debug|Any CPU = Debug|Any CPU
		Release|Any CPU = Release|Any CPU
	EndGlobalSection
	GlobalSection(ProjectConfigurationPlatforms) = postSolution
		{71D9589D-1820-4D3B-AB62-580134581CC4}.Debug|Any CPU.ActiveCfg = Debug|Any CPU
		{71D9589D-1820-4D3B-AB62-580134581CC4}.Debug|Any CPU.Build.0 = Debug|Any CPU
		{71D9589D-1820-4D3B-AB62-580134581CC4}.Release|Any CPU.ActiveCfg = Release|Any CPU
		{71D9589D-1820-4D3B-AB62-580134581CC4}.Release|Any CPU.Build.0 = Release|Any CPU
		{63922951-E72C-4AD9-94AF-90F3BD43F445}.Debug|Any CPU.ActiveCfg = Debug|Any CPU
		{63922951-E72C-4AD9-94AF-90F3BD43F445}.Debug|Any CPU.Build.0 = Debug|Any CPU
		{63922951-E72C-4AD9-94AF-90F3BD43F445}.Release|Any CPU.ActiveCfg = Release|Any CPU
		{63922951-E72C-4AD9-94AF-90F3BD43F445}.Release|Any CPU.Build.0 = Release|Any CPU
		{9F1432EB-D9F2-4607-A400-ED4A76C49E15}.Debug|Any CPU.ActiveCfg = Debug|Any CPU
		{9F1432EB-D9F2-4607-A400-ED4A76C49E15}.Debug|Any CPU.Build.0 = Debug|Any CPU
		{9F1432EB-D9F2-4607-A400-ED4A76C49E15}.Release|Any CPU.ActiveCfg = Release|Any CPU
		{9F1432EB-D9F2-4607-A400-ED4A76C49E15}.Release|Any CPU.Build.0 = Release|Any CPU
		{9EA14C19-8440-4F4E-9647-2C024F4AB1A6}.Debug|Any CPU.ActiveCfg = Debug|Any CPU
		{9EA14C19-8440-4F4E-9647-2C024F4AB1A6}.Debug|Any CPU.Build.0 = Debug|Any CPU
		{9EA14C19-8440-4F4E-9647-2C024F4AB1A6}.Release|Any CPU.ActiveCfg = Release|Any CPU
		{9EA14C19-8440-4F4E-9647-2C024F4AB1A6}.Release|Any CPU.Build.0 = Release|Any CPU
		{CC0CB2FF-4A80-470C-839B-39D9D2BAD4B8}.Debug|Any CPU.ActiveCfg = Debug|Any CPU
		{CC0CB2FF-4A80-470C-839B-39D9D2BAD4B8}.Debug|Any CPU.Build.0 = Debug|Any CPU
		{CC0CB2FF-4A80-470C-839B-39D9D2BAD4B8}.Release|Any CPU.ActiveCfg = Release|Any CPU
		{CC0CB2FF-4A80-470C-839B-39D9D2BAD4B8}.Release|Any CPU.Build.0 = Release|Any CPU
		{95F7D5D1-2BFB-4DC5-B2C0-DD70F76E7144}.Debug|Any CPU.ActiveCfg = Debug|Any CPU
		{95F7D5D1-2BFB-4DC5-B2C0-DD70F76E7144}.Debug|Any CPU.Build.0 = Debug|Any CPU
		{95F7D5D1-2BFB-4DC5-B2C0-DD70F76E7144}.Release|Any CPU.ActiveCfg = Release|Any CPU
		{95F7D5D1-2BFB-4DC5-B2C0-DD70F76E7144}.Release|Any CPU.Build.0 = Release|Any CPU
		{77618F5F-FC69-4C52-B6F0-928CA789C478}.Debug|Any CPU.ActiveCfg = Debug|Any CPU
		{77618F5F-FC69-4C52-B6F0-928CA789C478}.Debug|Any CPU.Build.0 = Debug|Any CPU
		{77618F5F-FC69-4C52-B6F0-928CA789C478}.Release|Any CPU.ActiveCfg = Release|Any CPU
		{77618F5F-FC69-4C52-B6F0-928CA789C478}.Release|Any CPU.Build.0 = Release|Any CPU
		{C9D99D8B-5F74-4D79-B3F5-30947E0E080E}.Debug|Any CPU.ActiveCfg = Debug|Any CPU
		{C9D99D8B-5F74-4D79-B3F5-30947E0E080E}.Debug|Any CPU.Build.0 = Debug|Any CPU
		{C9D99D8B-5F74-4D79-B3F5-30947E0E080E}.Release|Any CPU.ActiveCfg = Release|Any CPU
		{C9D99D8B-5F74-4D79-B3F5-30947E0E080E}.Release|Any CPU.Build.0 = Release|Any CPU
		{1D8D0A81-434E-4E3B-A065-1682576AF1C1}.Debug|Any CPU.ActiveCfg = Debug|Any CPU
		{1D8D0A81-434E-4E3B-A065-1682576AF1C1}.Debug|Any CPU.Build.0 = Debug|Any CPU
		{1D8D0A81-434E-4E3B-A065-1682576AF1C1}.Release|Any CPU.ActiveCfg = Release|Any CPU
		{1D8D0A81-434E-4E3B-A065-1682576AF1C1}.Release|Any CPU.Build.0 = Release|Any CPU
	EndGlobalSection
	GlobalSection(SolutionProperties) = preSolution
		HideSolutionNode = FALSE
	EndGlobalSection
	GlobalSection(ExtensibilityGlobals) = postSolution
		SolutionGuid = {8B2E7751-9AD2-4B6D-9366-F828FD994A34}
	EndGlobalSection
EndGlobal
