
Microsoft Visual Studio Solution File, Format Version 12.00
# Visual Studio 15
VisualStudioVersion = 15.0.26730.12
MinimumVisualStudioVersion = 10.0.40219.1
Project("{FAE04EC0-301F-11D3-BF4B-00C04F79EFBC}") = "matchmaking2", "matchmaking2\matchmaking2.csproj", "{2A509578-4729-4E85-9F61-86CC7571E3DC}"
EndProject
Global
	GlobalSection(SolutionConfigurationPlatforms) = preSolution
		Debug|Any CPU = Debug|Any CPU
		Release|Any CPU = Release|Any CPU
	EndGlobalSection
	GlobalSection(ProjectConfigurationPlatforms) = postSolution
		{2A509578-4729-4E85-9F61-86CC7571E3DC}.Debug|Any CPU.ActiveCfg = Debug|Any CPU
		{2A509578-4729-4E85-9F61-86CC7571E3DC}.Debug|Any CPU.Build.0 = Debug|Any CPU
		{2A509578-4729-4E85-9F61-86CC7571E3DC}.Release|Any CPU.ActiveCfg = Release|Any CPU
		{2A509578-4729-4E85-9F61-86CC7571E3DC}.Release|Any CPU.Build.0 = Release|Any CPU
	EndGlobalSection
	GlobalSection(SolutionProperties) = preSolution
		HideSolutionNode = FALSE
	EndGlobalSection
	GlobalSection(ExtensibilityGlobals) = postSolution
		SolutionGuid = {DB4C0CAB-457A-4193-ABAC-BBC4A9DD1958}
	EndGlobalSection
EndGlobal
